{
  "name": "wisp",
  "version": "0.11.1",
  "lockfileVersion": 1,
  "requires": true,
  "dependencies": {
    "Base64": {
      "version": "0.1.4",
      "resolved": "https://registry.npmjs.org/Base64/-/Base64-0.1.4.tgz",
      "integrity": "sha1-6fbGvvVn/WNepBYqsU3TKedKpt4=",
      "dev": true
    },
    "JSONStream": {
      "version": "0.6.4",
      "resolved": "https://registry.npmjs.org/JSONStream/-/JSONStream-0.6.4.tgz",
      "integrity": "sha1-SyyAY/j1Enh7I3X37p22kgj6Lcs=",
      "dev": true,
      "requires": {
        "jsonparse": "0.0.5",
        "through": "~2.2.7"
      },
      "dependencies": {
        "through": {
          "version": "2.2.7",
          "resolved": "https://registry.npmjs.org/through/-/through-2.2.7.tgz",
          "integrity": "sha1-bo4hIAGR1OtqmfbwEN9Gqhxusr0=",
          "dev": true
        }
      }
    },
    "align-text": {
      "version": "0.1.4",
      "resolved": "https://registry.npmjs.org/align-text/-/align-text-0.1.4.tgz",
      "integrity": "sha1-DNkKVhCT810KmSVsIrcGlDP60Rc=",
      "requires": {
        "kind-of": "^3.0.2",
        "longest": "^1.0.1",
        "repeat-string": "^1.5.2"
      }
    },
    "amdefine": {
      "version": "1.0.1",
      "resolved": "https://registry.npmjs.org/amdefine/-/amdefine-1.0.1.tgz",
      "integrity": "sha1-SlKCrBZHKek2Gbz9OtFR+BfOkfU="
    },
    "astw": {
      "version": "0.0.0",
      "resolved": "https://registry.npmjs.org/astw/-/astw-0.0.0.tgz",
      "integrity": "sha1-RJCGaj7xFqr5GtumPKfd9wttWb0=",
      "dev": true,
      "requires": {
        "esprima": "1.0.2"
      },
      "dependencies": {
        "esprima": {
          "version": "1.0.2",
          "resolved": "https://registry.npmjs.org/esprima/-/esprima-1.0.2.tgz",
          "integrity": "sha1-gDm/nOrE2dLBX2IyZPspK1UCzq8=",
          "dev": true
        }
      }
    },
    "async": {
      "version": "0.2.10",
      "resolved": "https://registry.npmjs.org/async/-/async-0.2.10.tgz",
      "integrity": "sha1-trvgsGdLnXGXCMo43owjfLUmw9E=",
      "dev": true
    },
    "base64-encode": {
      "version": "1.0.1",
      "resolved": "https://registry.npmjs.org/base64-encode/-/base64-encode-1.0.1.tgz",
      "integrity": "sha1-xxmL2pYZXtCBy0UlwOUldSc+HP8="
    },
    "base64-js": {
      "version": "0.0.8",
      "resolved": "https://registry.npmjs.org/base64-js/-/base64-js-0.0.8.tgz",
      "integrity": "sha1-EQHpVE9KdrG8OybUUsqW16NeeXg=",
      "dev": true
    },
    "bops": {
      "version": "0.0.6",
      "resolved": "https://registry.npmjs.org/bops/-/bops-0.0.6.tgz",
      "integrity": "sha1-CC0dVfoB5g29wuvC26N/ZZVUzzo=",
      "dev": true,
      "requires": {
        "base64-js": "0.0.2",
        "to-utf8": "0.0.1"
      },
      "dependencies": {
        "base64-js": {
          "version": "0.0.2",
          "resolved": "https://registry.npmjs.org/base64-js/-/base64-js-0.0.2.tgz",
          "integrity": "sha1-Ak8Pcq+iW3X5wO5zzU9V7Bvtl4Q=",
          "dev": true
        }
      }
    },
    "browser-builtins": {
      "version": "2.0.5",
      "resolved": "https://registry.npmjs.org/browser-builtins/-/browser-builtins-2.0.5.tgz",
      "integrity": "sha1-ETuPZx9G4McJ3tg4dQy2BMQQIjs=",
      "dev": true,
      "requires": {
        "buffer-browserify": "0.2.x",
        "console-browserify": "~1.0.1",
        "constants-browserify": "0.0.x",
        "crypto-browserify": "1.0.x",
        "http-browserify": "0.1.x",
        "os-browserify": "0.1.x",
        "punycode": "1.2.x",
        "vm-browserify": "0.0.x",
        "zlib-browserify": "0.0.x"
      }
    },
    "browser-pack": {
      "version": "0.11.1",
      "resolved": "https://registry.npmjs.org/browser-pack/-/browser-pack-0.11.1.tgz",
      "integrity": "sha1-KzVBCfmhNWutFuKHzb3XeIm7gt0=",
      "dev": true,
      "requires": {
        "JSONStream": "~0.6.4",
        "combine-source-map": "~0.2.0",
        "through": "~2.3.4"
      }
    },
    "browser-resolve": {
      "version": "1.1.4",
      "resolved": "https://registry.npmjs.org/browser-resolve/-/browser-resolve-1.1.4.tgz",
      "integrity": "sha1-/Ds5/7BgwonYZmiHC1EybfDnatw=",
      "dev": true,
      "requires": {
        "resolve": "0.5.1"
      }
    },
    "browserify": {
      "version": "2.35.2",
      "resolved": "https://registry.npmjs.org/browserify/-/browserify-2.35.2.tgz",
      "integrity": "sha1-EUCMRFRZKEDvgTh1F/mQpEHpuJI=",
      "dev": true,
      "requires": {
        "JSONStream": "~0.6.4",
        "browser-builtins": "2.0.5",
        "browser-pack": "~0.11.1",
        "browser-resolve": "~1.1.0",
        "concat-stream": "~1.0.0",
        "deep-equal": "~0.1.0",
        "deps-sort": "~0.1.1",
        "duplexer": "~0.1.1",
        "inherits": "~1.0.0",
        "insert-module-globals": "~1.3.0",
        "module-deps": "~1.0.2",
        "optimist": "~0.5.1",
        "parents": "~0.0.1",
        "shell-quote": "~0.0.1",
        "stream-combiner": "~0.0.2",
        "syntax-error": "~0.0.0",
        "through": "~2.3.4",
        "umd": "~1.3.0"
      }
    },
    "buffer-browserify": {
      "version": "0.2.5",
      "resolved": "https://registry.npmjs.org/buffer-browserify/-/buffer-browserify-0.2.5.tgz",
      "integrity": "sha1-Kcc51qTiR7U5q8CtoHNhIAIWOiE=",
      "dev": true,
      "requires": {
        "base64-js": "0.0.8"
      }
    },
    "callsite": {
      "version": "1.0.0",
      "resolved": "https://registry.npmjs.org/callsite/-/callsite-1.0.0.tgz",
      "integrity": "sha1-KAOY5dZkvXQDi28JBRU+borxvCA=",
      "dev": true
    },
    "camel-case": {
      "version": "3.0.0",
      "resolved": "https://registry.npmjs.org/camel-case/-/camel-case-3.0.0.tgz",
      "integrity": "sha1-yjw2iKTpzzpM2nd9xNy8cTJJz3M=",
      "requires": {
        "no-case": "^2.2.0",
        "upper-case": "^1.1.1"
      }
    },
    "camelcase": {
      "version": "1.2.1",
      "resolved": "https://registry.npmjs.org/camelcase/-/camelcase-1.2.1.tgz",
      "integrity": "sha1-m7UwTS4LVmmLLHWLCKPqqdqlijk="
    },
    "center-align": {
      "version": "0.1.3",
      "resolved": "https://registry.npmjs.org/center-align/-/center-align-0.1.3.tgz",
      "integrity": "sha1-qg0yYptu6XIgBBHL1EYckHvCt60=",
      "requires": {
        "align-text": "^0.1.3",
        "lazy-cache": "^1.0.3"
      }
    },
    "checkup": {
      "version": "1.3.0",
      "resolved": "https://registry.npmjs.org/checkup/-/checkup-1.3.0.tgz",
      "integrity": "sha1-04ACdv6l0PJH/8lRvnjIsC+ODXY="
    },
    "clean-css": {
      "version": "3.4.28",
      "resolved": "https://registry.npmjs.org/clean-css/-/clean-css-3.4.28.tgz",
      "integrity": "sha1-vxlF6C/ICPVWlebd6uwBQA79A/8=",
      "requires": {
        "commander": "2.8.x",
        "source-map": "0.4.x"
      },
      "dependencies": {
        "commander": {
          "version": "2.8.1",
          "resolved": "https://registry.npmjs.org/commander/-/commander-2.8.1.tgz",
          "integrity": "sha1-Br42f+v9oMMwqh4qBy09yXYkJdQ=",
          "requires": {
            "graceful-readlink": ">= 1.0.0"
          }
        },
        "source-map": {
          "version": "0.4.4",
          "resolved": "https://registry.npmjs.org/source-map/-/source-map-0.4.4.tgz",
          "integrity": "sha1-66T12pwNyZneaAMti092FzZSA2s=",
          "requires": {
            "amdefine": ">=0.0.4"
          }
        }
      }
    },
    "cliui": {
      "version": "2.1.0",
      "resolved": "https://registry.npmjs.org/cliui/-/cliui-2.1.0.tgz",
      "integrity": "sha1-S0dXYP+AJkx2LDoXGQMukcf+oNE=",
      "requires": {
        "center-align": "^0.1.1",
        "right-align": "^0.1.1",
        "wordwrap": "0.0.2"
      }
    },
    "combine-source-map": {
      "version": "0.2.0",
      "resolved": "https://registry.npmjs.org/combine-source-map/-/combine-source-map-0.2.0.tgz",
      "integrity": "sha1-H3mMEjpjQv7w6dxHQXV8bOUxExo=",
      "dev": true,
      "requires": {
        "convert-source-map": "~0.2.3",
        "inline-source-map": "~0.2.1",
        "source-map": "~0.1.27"
      }
    },
    "commander": {
      "version": "2.19.0",
      "resolved": "https://registry.npmjs.org/commander/-/commander-2.19.0.tgz",
      "integrity": "sha512-6tvAOO+D6OENvRAh524Dh9jcfKTYDQAqvqezbCW82xj5X0pSrcpxtvRKHLG0yBY6SD7PSDrJaj+0AiOcKVd1Xg=="
    },
    "commondir": {
      "version": "0.0.2",
      "resolved": "https://registry.npmjs.org/commondir/-/commondir-0.0.2.tgz",
      "integrity": "sha1-xJyIgMb+loRLs1Jd0ucxQFDDie4=",
      "dev": true
    },
    "concat-stream": {
      "version": "1.0.1",
      "resolved": "https://registry.npmjs.org/concat-stream/-/concat-stream-1.0.1.tgz",
      "integrity": "sha1-AYsYvBx9BzotyCqkhEI0GixN158=",
      "dev": true,
      "requires": {
        "bops": "0.0.6"
      }
    },
    "console-browserify": {
      "version": "1.0.3",
      "resolved": "https://registry.npmjs.org/console-browserify/-/console-browserify-1.0.3.tgz",
      "integrity": "sha1-04mNLDqTEC82QZf4h0tPkrUoao4=",
      "dev": true
    },
    "constants-browserify": {
      "version": "0.0.1",
      "resolved": "https://registry.npmjs.org/constants-browserify/-/constants-browserify-0.0.1.tgz",
      "integrity": "sha1-kld9tSe6bEzwpFaNhLwDH0QeIfI=",
      "dev": true
    },
    "convert-source-map": {
      "version": "0.2.6",
      "resolved": "https://registry.npmjs.org/convert-source-map/-/convert-source-map-0.2.6.tgz",
      "integrity": "sha1-rg7XNuimNEpYtQqJRyPeXIUd4tQ=",
      "dev": true
    },
    "crypto-browserify": {
      "version": "1.0.9",
      "resolved": "https://registry.npmjs.org/crypto-browserify/-/crypto-browserify-1.0.9.tgz",
      "integrity": "sha1-zFRJaF37hesRyYKKzHy4erW7/MA=",
      "dev": true
    },
    "css-b64-images": {
      "version": "0.2.5",
      "resolved": "https://registry.npmjs.org/css-b64-images/-/css-b64-images-0.2.5.tgz",
      "integrity": "sha1-QgBdgyBLK0pdk7axpWRBM7WSegI="
    },
    "debug": {
      "version": "2.6.9",
      "resolved": "https://registry.npmjs.org/debug/-/debug-2.6.9.tgz",
      "integrity": "sha512-bC7ElrdJaJnPbAP+1EotYvqZsb3ecl5wi6Bfi6BJTUcNowp6cvspg0jXznRTKDjm/E7AdgFBVeAPVMNcKGsHMA==",
      "requires": {
        "ms": "2.0.0"
      }
    },
    "decamelize": {
      "version": "1.2.0",
      "resolved": "https://registry.npmjs.org/decamelize/-/decamelize-1.2.0.tgz",
      "integrity": "sha1-9lNNFRSCabIDUue+4m9QH5oZEpA="
    },
    "deep-equal": {
      "version": "0.1.2",
      "resolved": "https://registry.npmjs.org/deep-equal/-/deep-equal-0.1.2.tgz",
      "integrity": "sha1-skbCuApXCkfBG+HZvRBw7IeLh84=",
      "dev": true
    },
    "defined": {
      "version": "0.0.0",
      "resolved": "https://registry.npmjs.org/defined/-/defined-0.0.0.tgz",
      "integrity": "sha1-817qfXBekzuvE7LwOz+D2SFAOz4=",
      "dev": true
    },
    "deps-sort": {
      "version": "0.1.2",
      "resolved": "https://registry.npmjs.org/deps-sort/-/deps-sort-0.1.2.tgz",
      "integrity": "sha1-2qL7YUoXyWN9gB4vVTOa43DzYRo=",
      "dev": true,
      "requires": {
        "JSONStream": "~0.6.4",
        "minimist": "~0.0.1",
        "through": "~2.3.4"
      }
    },
    "detective": {
      "version": "2.1.2",
      "resolved": "https://registry.npmjs.org/detective/-/detective-2.1.2.tgz",
      "integrity": "sha1-0irZ8YyC77P1X+4uJEiD2mu7jjc=",
      "dev": true,
      "requires": {
        "escodegen": "0.0.15",
        "esprima": "1.0.2"
      },
      "dependencies": {
        "escodegen": {
          "version": "0.0.15",
          "resolved": "https://registry.npmjs.org/escodegen/-/escodegen-0.0.15.tgz",
          "integrity": "sha1-/9qcsmtws098wZ8diHVlOa+1Q70=",
          "dev": true,
          "requires": {
            "esprima": ">= 1.0.0",
            "source-map": ">= 0.1.2"
          }
        },
        "esprima": {
          "version": "1.0.2",
          "resolved": "https://registry.npmjs.org/esprima/-/esprima-1.0.2.tgz",
          "integrity": "sha1-gDm/nOrE2dLBX2IyZPspK1UCzq8=",
          "dev": true
        }
      }
    },
    "duplexer": {
      "version": "0.1.1",
      "resolved": "https://registry.npmjs.org/duplexer/-/duplexer-0.1.1.tgz",
      "integrity": "sha1-rOb/gIwc5mtX0ev5eXessCM0z8E=",
      "dev": true
    },
    "escodegen": {
      "version": "git://github.com/Constellation/escodegen.git#41fbbe5058849b5e082542c5cfce76c2d67792e6",
      "from": "git://github.com/Constellation/escodegen.git#41fbbe5058849b5e082542c5cfce76c2d67792e6",
      "requires": {
        "esprima": "~1.1.1",
        "estraverse": "~1.5.0",
        "esutils": "~1.0.0",
        "source-map": "~0.1.33"
      }
    },
    "esprima": {
      "version": "1.1.1",
      "resolved": "https://registry.npmjs.org/esprima/-/esprima-1.1.1.tgz",
      "integrity": "sha1-W28VR/TRAuZw4UDFCb5ncdautUk="
    },
    "estraverse": {
      "version": "1.5.1",
      "resolved": "https://registry.npmjs.org/estraverse/-/estraverse-1.5.1.tgz",
      "integrity": "sha1-hno+jlip+EYYr7bC3bzZFrfLr3E="
    },
    "esutils": {
      "version": "1.0.0",
      "resolved": "https://registry.npmjs.org/esutils/-/esutils-1.0.0.tgz",
      "integrity": "sha1-gVHTWOIMisx/t0XnRywAJf5JZXA="
    },
    "execon": {
      "version": "1.2.9",
      "resolved": "https://registry.npmjs.org/execon/-/execon-1.2.9.tgz",
      "integrity": "sha1-bbETM9zIJPHxPnMX/tDZSi8mSR8="
    },
    "graceful-readlink": {
      "version": "1.0.1",
      "resolved": "https://registry.npmjs.org/graceful-readlink/-/graceful-readlink-1.0.1.tgz",
      "integrity": "sha1-TK+tdrxi8C+gObL5Tpo906ORpyU="
    },
    "he": {
      "version": "1.2.0",
      "resolved": "https://registry.npmjs.org/he/-/he-1.2.0.tgz",
      "integrity": "sha512-F/1DnUGPopORZi0ni+CvrCgHQ5FyEAHRLSApuYWMmrbSwoN2Mn/7k+Gl38gJnR7yyDZk6WLXwiGod1JOWNDKGw=="
    },
    "html-minifier": {
      "version": "3.5.21",
      "resolved": "https://registry.npmjs.org/html-minifier/-/html-minifier-3.5.21.tgz",
      "integrity": "sha512-LKUKwuJDhxNa3uf/LPR/KVjm/l3rBqtYeCOAekvG8F1vItxMUpueGd94i/asDDr8/1u7InxzFA5EeGjhhG5mMA==",
      "requires": {
        "camel-case": "3.0.x",
        "clean-css": "4.2.x",
        "commander": "2.17.x",
        "he": "1.2.x",
        "param-case": "2.1.x",
        "relateurl": "0.2.x",
        "uglify-js": "3.4.x"
      },
      "dependencies": {
        "clean-css": {
          "version": "4.2.1",
          "resolved": "https://registry.npmjs.org/clean-css/-/clean-css-4.2.1.tgz",
          "integrity": "sha512-4ZxI6dy4lrY6FHzfiy1aEOXgu4LIsW2MhwG0VBKdcoGoH/XLFgaHSdLTGr4O8Be6A8r3MOphEiI8Gc1n0ecf3g==",
          "requires": {
            "source-map": "~0.6.0"
          }
        },
        "commander": {
          "version": "2.17.1",
          "resolved": "https://registry.npmjs.org/commander/-/commander-2.17.1.tgz",
          "integrity": "sha512-wPMUt6FnH2yzG95SA6mzjQOEKUU3aLaDEmzs1ti+1E9h+CsrZghRlqEM/EJ4KscsQVG8uNN4uVreUeT8+drlgg=="
        },
        "source-map": {
          "version": "0.6.1",
          "resolved": "https://registry.npmjs.org/source-map/-/source-map-0.6.1.tgz",
          "integrity": "sha512-UjgapumWlbMhkBgzT7Ykc5YXUT46F0iKu8SGXq0bcwP5dz/h0Plj6enJqjz1Zbq2l5WaqYnrVbwWOWMyF3F47g=="
        },
        "uglify-js": {
          "version": "3.4.9",
          "resolved": "https://registry.npmjs.org/uglify-js/-/uglify-js-3.4.9.tgz",
          "integrity": "sha512-8CJsbKOtEbnJsTyv6LE6m6ZKniqMiFWmm9sRbopbkGs3gMPPfd3Fh8iIA4Ykv5MgaTbqHr4BaoGLJLZNhsrW1Q==",
          "requires": {
            "commander": "~2.17.1",
            "source-map": "~0.6.1"
          }
        }
      }
    },
    "http-browserify": {
      "version": "0.1.14",
      "resolved": "https://registry.npmjs.org/http-browserify/-/http-browserify-0.1.14.tgz",
      "integrity": "sha1-nIs/lAAiBFR8fL5Saa/i6mL3HH8=",
      "dev": true,
      "requires": {
        "Base64": "~0.1.2",
        "concat-stream": "~1.0.0"
      }
    },
    "indexof": {
      "version": "0.0.1",
      "resolved": "https://registry.npmjs.org/indexof/-/indexof-0.0.1.tgz",
      "integrity": "sha1-gtwzbSMrkGIXnQWrMpOmYFn9Q10=",
      "dev": true
    },
    "inherits": {
      "version": "1.0.2",
      "resolved": "https://registry.npmjs.org/inherits/-/inherits-1.0.2.tgz",
      "integrity": "sha1-ykMJ2t7mtUzAuNJH6NfHoJdb3Js=",
      "dev": true
    },
    "inline-source-map": {
      "version": "0.2.5",
      "resolved": "https://registry.npmjs.org/inline-source-map/-/inline-source-map-0.2.5.tgz",
      "integrity": "sha1-JC/2wYufsJNPep6DwUIZxhwTFnA=",
      "dev": true,
      "requires": {
        "source-map": "~0.1.25"
      }
    },
    "insert-module-globals": {
      "version": "1.3.1",
      "resolved": "https://registry.npmjs.org/insert-module-globals/-/insert-module-globals-1.3.1.tgz",
      "integrity": "sha1-S5R91JcSsk+ynstQZ2iyomosVz8=",
      "dev": true,
      "requires": {
        "JSONStream": "~0.4.3",
        "commondir": "~0.0.1",
        "duplexer": "~0.0.3",
        "lexical-scope": "~0.0.5",
        "process": "~0.5.1",
        "through": "~2.2.0"
      },
      "dependencies": {
        "JSONStream": {
          "version": "0.4.4",
          "resolved": "https://registry.npmjs.org/JSONStream/-/JSONStream-0.4.4.tgz",
          "integrity": "sha1-zCzxGShsRb4VBCPLwSjUgOm1SuI=",
          "dev": true,
          "requires": {
            "jsonparse": "0.0.5"
          }
        },
        "duplexer": {
          "version": "0.0.4",
          "resolved": "https://registry.npmjs.org/duplexer/-/duplexer-0.0.4.tgz",
          "integrity": "sha1-r8t/H4uNdPggcmFx1dZKyeSo/yA=",
          "dev": true
        },
        "through": {
          "version": "2.2.7",
          "resolved": "https://registry.npmjs.org/through/-/through-2.2.7.tgz",
          "integrity": "sha1-bo4hIAGR1OtqmfbwEN9Gqhxusr0=",
          "dev": true
        }
      }
    },
    "is-buffer": {
      "version": "1.1.6",
      "resolved": "https://registry.npmjs.org/is-buffer/-/is-buffer-1.1.6.tgz",
      "integrity": "sha512-NcdALwpXkTm5Zvvbk7owOUSvVvBKDgKP5/ewfXEznmQFfs4ZRmanOeKBTjRVjka3QFoN6XJ+9F3USqfHqTaU5w=="
    },
    "ischanged": {
      "version": "1.0.18",
      "resolved": "https://registry.npmjs.org/ischanged/-/ischanged-1.0.18.tgz",
      "integrity": "sha1-IFZ/pssBgcVrme2zz8GMrbGWYcQ=",
      "requires": {
        "checkup": "~1.3.0",
        "debug": "^2.3.0",
        "mkdirp": "~0.5.0",
        "readjson": "~1.1.0",
        "timem": "~1.1.0",
        "writejson": "~1.1.0"
      }
    },
    "jsonify": {
      "version": "0.0.0",
      "resolved": "https://registry.npmjs.org/jsonify/-/jsonify-0.0.0.tgz",
      "integrity": "sha1-LHS27kHZPKUbe1qu6PUDYx0lKnM=",
      "dev": true
    },
    "jsonparse": {
      "version": "0.0.5",
      "resolved": "https://registry.npmjs.org/jsonparse/-/jsonparse-0.0.5.tgz",
      "integrity": "sha1-MwVCrT8KZUZlt3jz6y2an6UHrGQ=",
      "dev": true
    },
    "kind-of": {
      "version": "3.2.2",
      "resolved": "https://registry.npmjs.org/kind-of/-/kind-of-3.2.2.tgz",
      "integrity": "sha1-MeohpzS6ubuw8yRm2JOupR5KPGQ=",
      "requires": {
        "is-buffer": "^1.1.5"
      }
    },
    "lazy-cache": {
      "version": "1.0.4",
      "resolved": "https://registry.npmjs.org/lazy-cache/-/lazy-cache-1.0.4.tgz",
      "integrity": "sha1-odePw6UEdMuAhF07O24dpJpEbo4="
    },
    "lexical-scope": {
      "version": "0.0.15",
      "resolved": "https://registry.npmjs.org/lexical-scope/-/lexical-scope-0.0.15.tgz",
      "integrity": "sha1-yllZl6rth7FVywQfSNwEOPSKBNw=",
      "dev": true,
      "requires": {
        "astw": "~0.0.0"
      }
    },
    "longest": {
      "version": "1.0.1",
      "resolved": "https://registry.npmjs.org/longest/-/longest-1.0.1.tgz",
      "integrity": "sha1-MKCy2jj3N3DoKUoNIuZiXtd9AJc="
    },
    "lower-case": {
      "version": "1.1.4",
      "resolved": "https://registry.npmjs.org/lower-case/-/lower-case-1.1.4.tgz",
      "integrity": "sha1-miyr0bno4K6ZOkv31YdcOcQujqw="
    },
    "minify": {
      "version": "2.0.13",
      "resolved": "https://registry.npmjs.org/minify/-/minify-2.0.13.tgz",
      "integrity": "sha1-5Pdcs06RnvHMxgv08q7AubeGOrk=",
      "requires": {
        "clean-css": "~3.4.1",
        "css-b64-images": "~0.2.5",
        "debug": "^2.3.0",
        "execon": "~1.2.0",
        "html-minifier": "^3.0.1",
        "rendy": "~1.1.0",
        "tomas": "~1.0.0",
        "try-catch": "~1.0.0",
        "uglify-js": "^2.7.0"
      }
    },
    "minimist": {
      "version": "0.0.8",
      "resolved": "https://registry.npmjs.org/minimist/-/minimist-0.0.8.tgz",
      "integrity": "sha1-hX/Kv8M5fSYluCKCYuhqp6ARsF0="
    },
    "mkdirp": {
      "version": "0.5.1",
      "resolved": "https://registry.npmjs.org/mkdirp/-/mkdirp-0.5.1.tgz",
      "integrity": "sha1-MAV0OOrGz3+MR2fzhkjWaX11yQM=",
      "requires": {
        "minimist": "0.0.8"
      }
    },
    "module-deps": {
      "version": "1.0.2",
      "resolved": "https://registry.npmjs.org/module-deps/-/module-deps-1.0.2.tgz",
      "integrity": "sha1-Xug8/XC6iDhp+my664IzSo8Gn8s=",
      "dev": true,
      "requires": {
        "JSONStream": "~0.6.4",
        "browser-resolve": "~1.1.0",
        "concat-stream": "~1.0.0",
        "detective": "~2.1.2",
        "minimist": "~0.0.1",
        "resolve": "~0.4.0",
        "through": "~2.3.4"
      },
      "dependencies": {
        "resolve": {
          "version": "0.4.3",
          "resolved": "https://registry.npmjs.org/resolve/-/resolve-0.4.3.tgz",
          "integrity": "sha1-3K2tIC58rMJGfjo4gAIR9C+cE98=",
          "dev": true
        }
      }
    },
    "ms": {
      "version": "2.0.0",
      "resolved": "https://registry.npmjs.org/ms/-/ms-2.0.0.tgz",
      "integrity": "sha1-VgiurfwAvmwpAd9fmGF4jeDVl8g="
    },
    "no-case": {
      "version": "2.3.2",
      "resolved": "https://registry.npmjs.org/no-case/-/no-case-2.3.2.tgz",
      "integrity": "sha512-rmTZ9kz+f3rCvK2TD1Ue/oZlns7OGoIWP4fc3llxxRXlOkHKoWPPWJOfFYpITabSow43QJbRIoHQXtt10VldyQ==",
      "requires": {
        "lower-case": "^1.1.1"
      }
    },
    "optimist": {
      "version": "0.5.2",
      "resolved": "https://registry.npmjs.org/optimist/-/optimist-0.5.2.tgz",
      "integrity": "sha1-hcjBRUszFeSniUfoV7HfAzRQv7w=",
      "dev": true,
      "requires": {
        "wordwrap": "~0.0.2"
      }
    },
    "os-browserify": {
      "version": "0.1.2",
      "resolved": "https://registry.npmjs.org/os-browserify/-/os-browserify-0.1.2.tgz",
      "integrity": "sha1-ScoCk+CxlZCl9d4Qx/JlphfY/lQ=",
      "dev": true
    },
    "param-case": {
      "version": "2.1.1",
      "resolved": "https://registry.npmjs.org/param-case/-/param-case-2.1.1.tgz",
      "integrity": "sha1-35T9jPZTHs915r75oIWPvHK+Ikc=",
      "requires": {
        "no-case": "^2.2.0"
      }
    },
    "parents": {
      "version": "0.0.3",
      "resolved": "https://registry.npmjs.org/parents/-/parents-0.0.3.tgz",
      "integrity": "sha1-+iEvAk2fpjGNu2tM5nbIvkk7nEM=",
      "dev": true,
      "requires": {
        "path-platform": "^0.0.1"
      }
    },
    "path-platform": {
      "version": "0.0.1",
      "resolved": "https://registry.npmjs.org/path-platform/-/path-platform-0.0.1.tgz",
      "integrity": "sha1-tVhdfDxGPYmqAGDYZhHPGv1hfio=",
      "dev": true
    },
    "process": {
      "version": "0.5.2",
      "resolved": "https://registry.npmjs.org/process/-/process-0.5.2.tgz",
      "integrity": "sha1-FjjYqONML0QKkduVq5rrZ3/Bhc8=",
      "dev": true
    },
    "punycode": {
      "version": "1.2.4",
      "resolved": "https://registry.npmjs.org/punycode/-/punycode-1.2.4.tgz",
      "integrity": "sha1-VACKyXKux0F13vnLpt9/qdORh0A=",
      "dev": true
    },
    "readjson": {
      "version": "1.1.4",
      "resolved": "https://registry.npmjs.org/readjson/-/readjson-1.1.4.tgz",
      "integrity": "sha512-H4dRk2S67w3HtE1apnw5wlHpN9qkJ0pen0AcEvyAfnrPfskZIyUOYLXpfN6olDQZI+eUlxg0Yo4lJ2bymujOUA==",
      "requires": {
        "try-catch": "^2.0.0"
      },
      "dependencies": {
        "try-catch": {
          "version": "2.0.0",
          "resolved": "https://registry.npmjs.org/try-catch/-/try-catch-2.0.0.tgz",
          "integrity": "sha512-RPXpVjsbtWgymwGq5F/OWDFsjEzdvzwHFaMjWWW6f/p6+uk/N7YSKJHQfIfGqITfj8qH4cBqCLMnhKZBaKk7Kg=="
        }
      }
    },
    "relateurl": {
      "version": "0.2.7",
      "resolved": "https://registry.npmjs.org/relateurl/-/relateurl-0.2.7.tgz",
      "integrity": "sha1-VNvzd+UUQKypCkzSdGANP/LYiKk="
    },
    "rendy": {
      "version": "1.1.1",
      "resolved": "https://registry.npmjs.org/rendy/-/rendy-1.1.1.tgz",
      "integrity": "sha512-NoT4MGWLdwuvsH0pEMzoaZrRHQHUYehLOPyF4I6w4B4kMpt9UvALkJGRUEubKFoa/hJjpCyr1XJ/LhoA/g8ocQ=="
    },
    "repeat-string": {
      "version": "1.6.1",
      "resolved": "https://registry.npmjs.org/repeat-string/-/repeat-string-1.6.1.tgz",
      "integrity": "sha1-jcrkcOHIirwtYA//Sndihtp15jc="
    },
    "resolve": {
      "version": "0.5.1",
      "resolved": "https://registry.npmjs.org/resolve/-/resolve-0.5.1.tgz",
      "integrity": "sha1-FeSiIsQja81M+FRUQSwtD7ZSRXY=",
      "dev": true
    },
    "rfile": {
      "version": "1.0.0",
      "resolved": "https://registry.npmjs.org/rfile/-/rfile-1.0.0.tgz",
      "integrity": "sha1-WXCM+Qyh50xUw8/Fw2/bmBBDUmE=",
      "dev": true,
      "requires": {
        "callsite": "~1.0.0",
        "resolve": "~0.3.0"
      },
      "dependencies": {
        "resolve": {
          "version": "0.3.1",
          "resolved": "https://registry.npmjs.org/resolve/-/resolve-0.3.1.tgz",
          "integrity": "sha1-NMY0R8ZkxwWY0cmxJvxDsqJDEKQ=",
          "dev": true
        }
      }
    },
    "right-align": {
      "version": "0.1.3",
      "resolved": "https://registry.npmjs.org/right-align/-/right-align-0.1.3.tgz",
      "integrity": "sha1-YTObci/mo1FWiSENJOFMlhSGE+8=",
      "requires": {
        "align-text": "^0.1.1"
      }
    },
    "ruglify": {
      "version": "1.0.0",
      "resolved": "https://registry.npmjs.org/ruglify/-/ruglify-1.0.0.tgz",
      "integrity": "sha1-3Ikw4qlUSidDAcyZcldMDQmGtnU=",
      "dev": true,
      "requires": {
        "rfile": "~1.0",
        "uglify-js": "~2.2"
      },
      "dependencies": {
        "optimist": {
          "version": "0.3.7",
          "resolved": "https://registry.npmjs.org/optimist/-/optimist-0.3.7.tgz",
          "integrity": "sha1-yQlBrVnkJzMokjB00s8ufLxuwNk=",
          "dev": true,
          "requires": {
            "wordwrap": "~0.0.2"
          }
        },
        "uglify-js": {
          "version": "2.2.5",
          "resolved": "https://registry.npmjs.org/uglify-js/-/uglify-js-2.2.5.tgz",
          "integrity": "sha1-puAqcNg5eSuXgEiLe4sYTAlcmcc=",
          "dev": true,
          "requires": {
            "optimist": "~0.3.5",
            "source-map": "~0.1.7"
          }
        }
      }
    },
    "shell-quote": {
      "version": "0.0.1",
      "resolved": "https://registry.npmjs.org/shell-quote/-/shell-quote-0.0.1.tgz",
      "integrity": "sha1-GkEZbzwDM8SCMjWT1ohuzxU92YY=",
      "dev": true
    },
    "source-map": {
      "version": "0.1.43",
      "resolved": "https://registry.npmjs.org/source-map/-/source-map-0.1.43.tgz",
      "integrity": "sha1-wkvBRspRfBRx9drL4lcbK3+eM0Y=",
      "requires": {
        "amdefine": ">=0.0.4"
      }
    },
    "stream-combiner": {
      "version": "0.0.4",
      "resolved": "https://registry.npmjs.org/stream-combiner/-/stream-combiner-0.0.4.tgz",
      "integrity": "sha1-TV5DPBhSYd3mI8o/RMWGvPXErRQ=",
      "dev": true,
      "requires": {
        "duplexer": "~0.1.1"
      }
    },
    "syntax-error": {
      "version": "0.0.1",
      "resolved": "https://registry.npmjs.org/syntax-error/-/syntax-error-0.0.1.tgz",
      "integrity": "sha1-AZ0HU0jNjFt58GA8c+U4kafFI10=",
      "dev": true,
      "requires": {
        "esprima": "~0.9.9"
      },
      "dependencies": {
        "esprima": {
          "version": "0.9.9",
          "resolved": "https://registry.npmjs.org/esprima/-/esprima-0.9.9.tgz",
          "integrity": "sha1-G5CSXJddYy1ygpOcO7nDpCPDBJA=",
          "dev": true
        }
      }
    },
    "tape": {
      "version": "0.2.2",
      "resolved": "https://registry.npmjs.org/tape/-/tape-0.2.2.tgz",
      "integrity": "sha1-ZMz6S37PSgBgAH5hcW1CR4FnFjc=",
      "dev": true,
      "requires": {
        "deep-equal": "~0.0.0",
        "defined": "~0.0.0",
        "jsonify": "~0.0.0"
      },
      "dependencies": {
        "deep-equal": {
          "version": "0.0.0",
          "resolved": "https://registry.npmjs.org/deep-equal/-/deep-equal-0.0.0.tgz",
          "integrity": "sha1-mWedO70EcVb81FDT0B7rkGhpHoM=",
          "dev": true
        }
      }
    },
    "through": {
      "version": "2.3.8",
      "resolved": "https://registry.npmjs.org/through/-/through-2.3.8.tgz",
      "integrity": "sha1-DdTJ/6q8NXlgsbckEV1+Doai4fU=",
      "dev": true
    },
    "timem": {
      "version": "1.1.2",
      "resolved": "https://registry.npmjs.org/timem/-/timem-1.1.2.tgz",
      "integrity": "sha1-/pMAbCglOo2lxJKZMGmR+kzE9Aw="
    },
    "to-utf8": {
      "version": "0.0.1",
      "resolved": "https://registry.npmjs.org/to-utf8/-/to-utf8-0.0.1.tgz",
      "integrity": "sha1-0Xrqcv8vujm55DYBvns/9y4ImFI=",
      "dev": true
    },
    "tomas": {
      "version": "1.0.2",
      "resolved": "https://registry.npmjs.org/tomas/-/tomas-1.0.2.tgz",
      "integrity": "sha1-0eR/zBfmFpd7hZ7x/+SXu53Tz2k=",
      "requires": {
        "checkup": "~1.3.0",
        "execon": "~1.2.0",
        "ischanged": "~1.0.7",
        "mkdirp": "~0.5.0"
      }
    },
    "try-catch": {
      "version": "1.0.0",
      "resolved": "https://registry.npmjs.org/try-catch/-/try-catch-1.0.0.tgz",
      "integrity": "sha1-N5fas5omZ3X00Npcv0Kso/A2COY="
    },
    "uglify-js": {
      "version": "2.8.29",
      "resolved": "https://registry.npmjs.org/uglify-js/-/uglify-js-2.8.29.tgz",
      "integrity": "sha1-KcVzMUgFe7Th913zW3qcty5qWd0=",
      "requires": {
        "source-map": "~0.5.1",
        "uglify-to-browserify": "~1.0.0",
        "yargs": "~3.10.0"
      },
      "dependencies": {
        "source-map": {
          "version": "0.5.7",
          "resolved": "https://registry.npmjs.org/source-map/-/source-map-0.5.7.tgz",
          "integrity": "sha1-igOdLRAh0i0eoUyA2OpGi6LvP8w="
        }
      }
    },
    "uglify-to-browserify": {
      "version": "1.0.2",
      "resolved": "https://registry.npmjs.org/uglify-to-browserify/-/uglify-to-browserify-1.0.2.tgz",
      "integrity": "sha1-bgkk1r2mta/jSeOabWMoUKD4grc="
    },
    "umd": {
      "version": "1.3.1",
      "resolved": "https://registry.npmjs.org/umd/-/umd-1.3.1.tgz",
      "integrity": "sha1-/OVXwtv3MfvCB4Mv819qWFcYJYk=",
      "dev": true,
      "requires": {
        "rfile": "~1.0.0",
        "ruglify": "~1.0.0",
        "through": "~2.3.4",
        "uglify-js": "~2.4.0"
      },
      "dependencies": {
        "source-map": {
          "version": "0.1.34",
          "resolved": "https://registry.npmjs.org/source-map/-/source-map-0.1.34.tgz",
          "integrity": "sha1-p8/omux7FoLDsZjQrPtH19CQVms=",
          "dev": true,
          "requires": {
            "amdefine": ">=0.0.4"
          }
        },
        "uglify-js": {
          "version": "2.4.24",
          "resolved": "https://registry.npmjs.org/uglify-js/-/uglify-js-2.4.24.tgz",
          "integrity": "sha1-+tV1XB4Vd2WLsG/5q25UjJW+vW4=",
          "dev": true,
          "requires": {
            "async": "~0.2.6",
            "source-map": "0.1.34",
            "uglify-to-browserify": "~1.0.0",
            "yargs": "~3.5.4"
          }
        },
        "yargs": {
          "version": "3.5.4",
          "resolved": "https://registry.npmjs.org/yargs/-/yargs-3.5.4.tgz",
          "integrity": "sha1-2K/49mXpTDS9JZvevRv68N3TU2E=",
          "dev": true,
          "requires": {
            "camelcase": "^1.0.2",
            "decamelize": "^1.0.0",
            "window-size": "0.1.0",
            "wordwrap": "0.0.2"
          }
        }
      }
    },
    "upper-case": {
      "version": "1.1.3",
      "resolved": "https://registry.npmjs.org/upper-case/-/upper-case-1.1.3.tgz",
      "integrity": "sha1-9rRQHC7EzdJrp4vnIilh3ndiFZg="
    },
    "vm-browserify": {
      "version": "0.0.4",
      "resolved": "https://registry.npmjs.org/vm-browserify/-/vm-browserify-0.0.4.tgz",
      "integrity": "sha1-XX6kW7755Kb/ZflUOOCofDV9WnM=",
      "dev": true,
      "requires": {
        "indexof": "0.0.1"
      }
    },
    "window-size": {
      "version": "0.1.0",
      "resolved": "https://registry.npmjs.org/window-size/-/window-size-0.1.0.tgz",
      "integrity": "sha1-VDjNLqk7IC76Ohn+iIeu58lPnJ0="
    },
    "wisp": {
      "version": "0.11.0",
      "resolved": "https://registry.npmjs.org/wisp/-/wisp-0.11.0.tgz",
      "integrity": "sha512-QbU+wbJLDemVxnxL5b7f6UyXdTo0rQaolHmTOGK3NZGyL9Aza3D6fOMs6N7cXjPpUlKUwlYUBRXEFmXykoy+3g==",
      "dev": true,
      "requires": {
        "base64-encode": "~1.0.1",
        "commander": ">=2.2.0",
        "escodegen": "git://github.com/Constellation/escodegen.git#41fbbe5058849b5e082542c5cfce76c2d67792e6",
        "minify": "2.0.13"
      }
    },
    "wordwrap": {
      "version": "0.0.2",
      "resolved": "https://registry.npmjs.org/wordwrap/-/wordwrap-0.0.2.tgz",
      "integrity": "sha1-t5Zpu0LstAn4PVg8rVLKF+qhZD8="
    },
    "writejson": {
      "version": "1.1.2",
      "resolved": "https://registry.npmjs.org/writejson/-/writejson-1.1.2.tgz",
      "integrity": "sha512-5iMR/5y0z7VUNI3S+wRWiu02VnbwuPzrwnUbopJA2sz1kWvSm6Phz/1ahbgQ76SO1HGB9d/RI+44rEcBFtZbMw==",
      "requires": {
        "try-catch": "^2.0.0"
      },
      "dependencies": {
        "try-catch": {
          "version": "2.0.0",
          "resolved": "https://registry.npmjs.org/try-catch/-/try-catch-2.0.0.tgz",
          "integrity": "sha512-RPXpVjsbtWgymwGq5F/OWDFsjEzdvzwHFaMjWWW6f/p6+uk/N7YSKJHQfIfGqITfj8qH4cBqCLMnhKZBaKk7Kg=="
        }
      }
    },
    "yargs": {
      "version": "3.10.0",
      "resolved": "https://registry.npmjs.org/yargs/-/yargs-3.10.0.tgz",
      "integrity": "sha1-9+572FfdfB0tOMDnTvvWgdFDH9E=",
      "requires": {
        "camelcase": "^1.0.2",
        "cliui": "^2.1.0",
        "decamelize": "^1.0.0",
        "window-size": "0.1.0"
      }
    },
    "zlib-browserify": {
      "version": "0.0.3",
      "resolved": "https://registry.npmjs.org/zlib-browserify/-/zlib-browserify-0.0.3.tgz",
      "integrity": "sha1-JAzNv9AgP6hCsTDe77FBQSLIzFA=",
      "dev": true,
      "requires": {
        "tape": "~0.2.2"
      }
    }
  }
}
